{
  "originHash" : "950b08b29763bbeab4c87b4a9e837cecc10abfe23a13ee8d11ca11caf2e68e98",
  "pins" : [
    {
      "identity" : "swift-cmark",
      "kind" : "remoteSourceControl",
      "location" : "https://github.com/swiftlang/swift-cmark.git",
      "state" : {
        "revision" : "7898f1b3e4befeecee56cb4a3bc8eebd2cb63219"
      }
    }
  ],
  "version" : 3
}
